
Microsoft Visual Studio Solution File, Format Version 12.00
# Visual Studio Version 17
VisualStudioVersion = 17.5.002.0
MinimumVisualStudioVersion = 10.0.40219.1
Project("{2150E333-8FDC-42A3-9474-1A3956D46DE8}") = "csharp-prep", "csharp-prep", "{33D6DEEC-409D-4A2F-B456-81F17C3A31DC}"
EndProject
Project("{9A19103F-16F7-4668-BE54-9A1E7A4F7556}") = "Prep1", "csharp-prep\Prep1\Prep1.csproj", "{53C086F2-8EF2-4A6A-82A5-C34184465406}"
EndProject
Project("{9A19103F-16F7-4668-BE54-9A1E7A4F7556}") = "Prep2", "csharp-prep\Prep2\Prep2.csproj", "{C1D19D78-A605-4472-8B00-773908C39B3B}"
EndProject
Project("{9A19103F-16F7-4668-BE54-9A1E7A4F7556}") = "Prep3", "csharp-prep\Prep3\Prep3.csproj", "{B70B3A5A-D6D0-4A2D-8C81-CD6649D18A8B}"
EndProject
Project("{9A19103F-16F7-4668-BE54-9A1E7A4F7556}") = "Prep4", "csharp-prep\Prep4\Prep4.csproj", "{CDF3E64B-DE9A-4661-B713-937061C5CAEB}"
EndProject
Project("{9A19103F-16F7-4668-BE54-9A1E7A4F7556}") = "Prep5", "csharp-prep\Prep5\Prep5.csproj", "{A1F03692-4B9E-40AF-9EA2-3F80B6199B07}"
EndProject
Project("{2150E333-8FDC-42A3-9474-1A3956D46DE8}") = "final", "final", "{A3A0804A-F56D-441A-97DE-0E151A877A5F}"
EndProject
Project("{9A19103F-16F7-4668-BE54-9A1E7A4F7556}") = "FinalProject", "final\FinalProject\FinalProject.csproj", "{CD229225-F6DA-4489-9DB9-75A09846B5A1}"
EndProject
Project("{9A19103F-16F7-4668-BE54-9A1E7A4F7556}") = "Foundation1", "final\Foundation1\Foundation1.csproj", "{A9DDF550-AF53-4F96-AAE8-E91F6033CB60}"
EndProject
Project("{9A19103F-16F7-4668-BE54-9A1E7A4F7556}") = "Foundation2", "final\Foundation2\Foundation2.csproj", "{C109C7E5-EA48-4080-B664-A8B7DA12E132}"
EndProject
Project("{9A19103F-16F7-4668-BE54-9A1E7A4F7556}") = "Foundation3", "final\Foundation3\Foundation3.csproj", "{6C22F97F-2CAA-4466-A2DD-B7427892E764}"
EndProject
Project("{9A19103F-16F7-4668-BE54-9A1E7A4F7556}") = "Foundation4", "final\Foundation4\Foundation4.csproj", "{8E0C40C2-7DCF-4814-BFE6-114143A942A9}"
EndProject
Project("{2150E333-8FDC-42A3-9474-1A3956D46DE8}") = "prepare", "prepare", "{343FA8AB-CF7F-4B02-BFC6-3BAF700FFD18}"
EndProject
Project("{9A19103F-16F7-4668-BE54-9A1E7A4F7556}") = "Learning02", "prepare\Learning02\Learning02.csproj", "{210932DC-A661-400C-92BF-07A9B0DD46CA}"
EndProject
Project("{9A19103F-16F7-4668-BE54-9A1E7A4F7556}") = "Learning03", "prepare\Learning03\Learning03.csproj", "{A7EF35A1-48DD-479B-9579-C3387F35AD9C}"
EndProject
Project("{9A19103F-16F7-4668-BE54-9A1E7A4F7556}") = "Learning04", "prepare\Learning04\Learning04.csproj", "{942E40DB-1956-4914-9A3F-40A846685305}"
EndProject
Project("{9A19103F-16F7-4668-BE54-9A1E7A4F7556}") = "Learning05", "prepare\Learning05\Learning05.csproj", "{D2577E1C-36DC-415B-BBC0-5C9E9ECB391D}"
EndProject
Project("{2150E333-8FDC-42A3-9474-1A3956D46DE8}") = "prove", "prove", "{8359DE5F-3C82-46C9-93D1-431FAF537B22}"
EndProject
Project("{9A19103F-16F7-4668-BE54-9A1E7A4F7556}") = "Develop02", "prove\Develop02\Develop02.csproj", "{0FC50CE5-2DB5-4666-BAD0-C8B0CCEA7CF3}"
EndProject
Project("{9A19103F-16F7-4668-BE54-9A1E7A4F7556}") = "Develop03", "prove\Develop03\Develop03.csproj", "{32C98109-D384-4952-88AC-37AAD123096C}"
EndProject
Project("{9A19103F-16F7-4668-BE54-9A1E7A4F7556}") = "Develop04", "prove\Develop04\Develop04.csproj", "{86739E28-F428-44FD-B055-E483B208BFD0}"
EndProject
Project("{9A19103F-16F7-4668-BE54-9A1E7A4F7556}") = "Develop05", "prove\Develop05\Develop05.csproj", "{F25FC55F-1B9A-40B9-911E-AE1FDDDD4AF1}"
EndProject
Project("{2150E333-8FDC-42A3-9474-1A3956D46DE8}") = "sandbox", "sandbox", "{C1001978-AB77-41E4-BF31-CDCFEB23BA1C}"
EndProject
Project("{9A19103F-16F7-4668-BE54-9A1E7A4F7556}") = "Sandbox", "sandbox\Sandbox\Sandbox.csproj", "{A2FFBC83-2663-48F2-BC80-3676321C3414}"
EndProject
Global
	GlobalSection(SolutionConfigurationPlatforms) = preSolution
		Debug|Any CPU = Debug|Any CPU
		Release|Any CPU = Release|Any CPU
	EndGlobalSection
	GlobalSection(ProjectConfigurationPlatforms) = postSolution
		{53C086F2-8EF2-4A6A-82A5-C34184465406}.Debug|Any CPU.ActiveCfg = Debug|Any CPU
		{53C086F2-8EF2-4A6A-82A5-C34184465406}.Debug|Any CPU.Build.0 = Debug|Any CPU
		{53C086F2-8EF2-4A6A-82A5-C34184465406}.Release|Any CPU.ActiveCfg = Release|Any CPU
		{53C086F2-8EF2-4A6A-82A5-C34184465406}.Release|Any CPU.Build.0 = Release|Any CPU
		{C1D19D78-A605-4472-8B00-773908C39B3B}.Debug|Any CPU.ActiveCfg = Debug|Any CPU
		{C1D19D78-A605-4472-8B00-773908C39B3B}.Debug|Any CPU.Build.0 = Debug|Any CPU
		{C1D19D78-A605-4472-8B00-773908C39B3B}.Release|Any CPU.ActiveCfg = Release|Any CPU
		{C1D19D78-A605-4472-8B00-773908C39B3B}.Release|Any CPU.Build.0 = Release|Any CPU
		{B70B3A5A-D6D0-4A2D-8C81-CD6649D18A8B}.Debug|Any CPU.ActiveCfg = Debug|Any CPU
		{B70B3A5A-D6D0-4A2D-8C81-CD6649D18A8B}.Debug|Any CPU.Build.0 = Debug|Any CPU
		{B70B3A5A-D6D0-4A2D-8C81-CD6649D18A8B}.Release|Any CPU.ActiveCfg = Release|Any CPU
		{B70B3A5A-D6D0-4A2D-8C81-CD6649D18A8B}.Release|Any CPU.Build.0 = Release|Any CPU
		{CDF3E64B-DE9A-4661-B713-937061C5CAEB}.Debug|Any CPU.ActiveCfg = Debug|Any CPU
		{CDF3E64B-DE9A-4661-B713-937061C5CAEB}.Debug|Any CPU.Build.0 = Debug|Any CPU
		{CDF3E64B-DE9A-4661-B713-937061C5CAEB}.Release|Any CPU.ActiveCfg = Release|Any CPU
		{CDF3E64B-DE9A-4661-B713-937061C5CAEB}.Release|Any CPU.Build.0 = Release|Any CPU
		{A1F03692-4B9E-40AF-9EA2-3F80B6199B07}.Debug|Any CPU.ActiveCfg = Debug|Any CPU
		{A1F03692-4B9E-40AF-9EA2-3F80B6199B07}.Debug|Any CPU.Build.0 = Debug|Any CPU
		{A1F03692-4B9E-40AF-9EA2-3F80B6199B07}.Release|Any CPU.ActiveCfg = Release|Any CPU
		{A1F03692-4B9E-40AF-9EA2-3F80B6199B07}.Release|Any CPU.Build.0 = Release|Any CPU
		{CD229225-F6DA-4489-9DB9-75A09846B5A1}.Debug|Any CPU.ActiveCfg = Debug|Any CPU
		{CD229225-F6DA-4489-9DB9-75A09846B5A1}.Debug|Any CPU.Build.0 = Debug|Any CPU
		{CD229225-F6DA-4489-9DB9-75A09846B5A1}.Release|Any CPU.ActiveCfg = Release|Any CPU
		{CD229225-F6DA-4489-9DB9-75A09846B5A1}.Release|Any CPU.Build.0 = Release|Any CPU
		{A9DDF550-AF53-4F96-AAE8-E91F6033CB60}.Debug|Any CPU.ActiveCfg = Debug|Any CPU
		{A9DDF550-AF53-4F96-AAE8-E91F6033CB60}.Debug|Any CPU.Build.0 = Debug|Any CPU
		{A9DDF550-AF53-4F96-AAE8-E91F6033CB60}.Release|Any CPU.ActiveCfg = Release|Any CPU
		{A9DDF550-AF53-4F96-AAE8-E91F6033CB60}.Release|Any CPU.Build.0 = Release|Any CPU
		{C109C7E5-EA48-4080-B664-A8B7DA12E132}.Debug|Any CPU.ActiveCfg = Debug|Any CPU
		{C109C7E5-EA48-4080-B664-A8B7DA12E132}.Debug|Any CPU.Build.0 = Debug|Any CPU
		{C109C7E5-EA48-4080-B664-A8B7DA12E132}.Release|Any CPU.ActiveCfg = Release|Any CPU
		{C109C7E5-EA48-4080-B664-A8B7DA12E132}.Release|Any CPU.Build.0 = Release|Any CPU
		{6C22F97F-2CAA-4466-A2DD-B7427892E764}.Debug|Any CPU.ActiveCfg = Debug|Any CPU
		{6C22F97F-2CAA-4466-A2DD-B7427892E764}.Debug|Any CPU.Build.0 = Debug|Any CPU
		{6C22F97F-2CAA-4466-A2DD-B7427892E764}.Release|Any CPU.ActiveCfg = Release|Any CPU
		{6C22F97F-2CAA-4466-A2DD-B7427892E764}.Release|Any CPU.Build.0 = Release|Any CPU
		{8E0C40C2-7DCF-4814-BFE6-114143A942A9}.Debug|Any CPU.ActiveCfg = Debug|Any CPU
		{8E0C40C2-7DCF-4814-BFE6-114143A942A9}.Debug|Any CPU.Build.0 = Debug|Any CPU
		{8E0C40C2-7DCF-4814-BFE6-114143A942A9}.Release|Any CPU.ActiveCfg = Release|Any CPU
		{8E0C40C2-7DCF-4814-BFE6-114143A942A9}.Release|Any CPU.Build.0 = Release|Any CPU
		{210932DC-A661-400C-92BF-07A9B0DD46CA}.Debug|Any CPU.ActiveCfg = Debug|Any CPU
		{210932DC-A661-400C-92BF-07A9B0DD46CA}.Debug|Any CPU.Build.0 = Debug|Any CPU
		{210932DC-A661-400C-92BF-07A9B0DD46CA}.Release|Any CPU.ActiveCfg = Release|Any CPU
		{210932DC-A661-400C-92BF-07A9B0DD46CA}.Release|Any CPU.Build.0 = Release|Any CPU
		{A7EF35A1-48DD-479B-9579-C3387F35AD9C}.Debug|Any CPU.ActiveCfg = Debug|Any CPU
		{A7EF35A1-48DD-479B-9579-C3387F35AD9C}.Debug|Any CPU.Build.0 = Debug|Any CPU
		{A7EF35A1-48DD-479B-9579-C3387F35AD9C}.Release|Any CPU.ActiveCfg = Release|Any CPU
		{A7EF35A1-48DD-479B-9579-C3387F35AD9C}.Release|Any CPU.Build.0 = Release|Any CPU
		{942E40DB-1956-4914-9A3F-40A846685305}.Debug|Any CPU.ActiveCfg = Debug|Any CPU
		{942E40DB-1956-4914-9A3F-40A846685305}.Debug|Any CPU.Build.0 = Debug|Any CPU
		{942E40DB-1956-4914-9A3F-40A846685305}.Release|Any CPU.ActiveCfg = Release|Any CPU
		{942E40DB-1956-4914-9A3F-40A846685305}.Release|Any CPU.Build.0 = Release|Any CPU
		{D2577E1C-36DC-415B-BBC0-5C9E9ECB391D}.Debug|Any CPU.ActiveCfg = Debug|Any CPU
		{D2577E1C-36DC-415B-BBC0-5C9E9ECB391D}.Debug|Any CPU.Build.0 = Debug|Any CPU
		{D2577E1C-36DC-415B-BBC0-5C9E9ECB391D}.Release|Any CPU.ActiveCfg = Release|Any CPU
		{D2577E1C-36DC-415B-BBC0-5C9E9ECB391D}.Release|Any CPU.Build.0 = Release|Any CPU
		{0FC50CE5-2DB5-4666-BAD0-C8B0CCEA7CF3}.Debug|Any CPU.ActiveCfg = Debug|Any CPU
		{0FC50CE5-2DB5-4666-BAD0-C8B0CCEA7CF3}.Debug|Any CPU.Build.0 = Debug|Any CPU
		{0FC50CE5-2DB5-4666-BAD0-C8B0CCEA7CF3}.Release|Any CPU.ActiveCfg = Release|Any CPU
		{0FC50CE5-2DB5-4666-BAD0-C8B0CCEA7CF3}.Release|Any CPU.Build.0 = Release|Any CPU
		{32C98109-D384-4952-88AC-37AAD123096C}.Debug|Any CPU.ActiveCfg = Debug|Any CPU
		{32C98109-D384-4952-88AC-37AAD123096C}.Debug|Any CPU.Build.0 = Debug|Any CPU
		{32C98109-D384-4952-88AC-37AAD123096C}.Release|Any CPU.ActiveCfg = Release|Any CPU
		{32C98109-D384-4952-88AC-37AAD123096C}.Release|Any CPU.Build.0 = Release|Any CPU
		{86739E28-F428-44FD-B055-E483B208BFD0}.Debug|Any CPU.ActiveCfg = Debug|Any CPU
		{86739E28-F428-44FD-B055-E483B208BFD0}.Debug|Any CPU.Build.0 = Debug|Any CPU
		{86739E28-F428-44FD-B055-E483B208BFD0}.Release|Any CPU.ActiveCfg = Release|Any CPU
		{86739E28-F428-44FD-B055-E483B208BFD0}.Release|Any CPU.Build.0 = Release|Any CPU
		{F25FC55F-1B9A-40B9-911E-AE1FDDDD4AF1}.Debug|Any CPU.ActiveCfg = Debug|Any CPU
		{F25FC55F-1B9A-40B9-911E-AE1FDDDD4AF1}.Debug|Any CPU.Build.0 = Debug|Any CPU
		{F25FC55F-1B9A-40B9-911E-AE1FDDDD4AF1}.Release|Any CPU.ActiveCfg = Release|Any CPU
		{F25FC55F-1B9A-40B9-911E-AE1FDDDD4AF1}.Release|Any CPU.Build.0 = Release|Any CPU
		{A2FFBC83-2663-48F2-BC80-3676321C3414}.Debug|Any CPU.ActiveCfg = Debug|Any CPU
		{A2FFBC83-2663-48F2-BC80-3676321C3414}.Debug|Any CPU.Build.0 = Debug|Any CPU
		{A2FFBC83-2663-48F2-BC80-3676321C3414}.Release|Any CPU.ActiveCfg = Release|Any CPU
		{A2FFBC83-2663-48F2-BC80-3676321C3414}.Release|Any CPU.Build.0 = Release|Any CPU
	EndGlobalSection
	GlobalSection(SolutionProperties) = preSolution
		HideSolutionNode = FALSE
	EndGlobalSection
	GlobalSection(NestedProjects) = preSolution
		{53C086F2-8EF2-4A6A-82A5-C34184465406} = {33D6DEEC-409D-4A2F-B456-81F17C3A31DC}
		{C1D19D78-A605-4472-8B00-773908C39B3B} = {33D6DEEC-409D-4A2F-B456-81F17C3A31DC}
		{B70B3A5A-D6D0-4A2D-8C81-CD6649D18A8B} = {33D6DEEC-409D-4A2F-B456-81F17C3A31DC}
		{CDF3E64B-DE9A-4661-B713-937061C5CAEB} = {33D6DEEC-409D-4A2F-B456-81F17C3A31DC}
		{A1F03692-4B9E-40AF-9EA2-3F80B6199B07} = {33D6DEEC-409D-4A2F-B456-81F17C3A31DC}
		{CD229225-F6DA-4489-9DB9-75A09846B5A1} = {A3A0804A-F56D-441A-97DE-0E151A877A5F}
		{A9DDF550-AF53-4F96-AAE8-E91F6033CB60} = {A3A0804A-F56D-441A-97DE-0E151A877A5F}
		{C109C7E5-EA48-4080-B664-A8B7DA12E132} = {A3A0804A-F56D-441A-97DE-0E151A877A5F}
		{6C22F97F-2CAA-4466-A2DD-B7427892E764} = {A3A0804A-F56D-441A-97DE-0E151A877A5F}
		{8E0C40C2-7DCF-4814-BFE6-114143A942A9} = {A3A0804A-F56D-441A-97DE-0E151A877A5F}
		{210932DC-A661-400C-92BF-07A9B0DD46CA} = {343FA8AB-CF7F-4B02-BFC6-3BAF700FFD18}
		{A7EF35A1-48DD-479B-9579-C3387F35AD9C} = {343FA8AB-CF7F-4B02-BFC6-3BAF700FFD18}
		{942E40DB-1956-4914-9A3F-40A846685305} = {343FA8AB-CF7F-4B02-BFC6-3BAF700FFD18}
		{D2577E1C-36DC-415B-BBC0-5C9E9ECB391D} = {343FA8AB-CF7F-4B02-BFC6-3BAF700FFD18}
		{0FC50CE5-2DB5-4666-BAD0-C8B0CCEA7CF3} = {8359DE5F-3C82-46C9-93D1-431FAF537B22}
		{32C98109-D384-4952-88AC-37AAD123096C} = {8359DE5F-3C82-46C9-93D1-431FAF537B22}
		{86739E28-F428-44FD-B055-E483B208BFD0} = {8359DE5F-3C82-46C9-93D1-431FAF537B22}
		{F25FC55F-1B9A-40B9-911E-AE1FDDDD4AF1} = {8359DE5F-3C82-46C9-93D1-431FAF537B22}
		{A2FFBC83-2663-48F2-BC80-3676321C3414} = {C1001978-AB77-41E4-BF31-CDCFEB23BA1C}
	EndGlobalSection
	GlobalSection(ExtensibilityGlobals) = postSolution
		SolutionGuid = {87DF8F61-1F2A-4796-BA65-A9DC11D1152C}
	EndGlobalSection
EndGlobal
